{
  "requires": true,
  "lockfileVersion": 1,
  "dependencies": {
    "@sozialhelden/ietf-language-tags": {
      "version": "3.2.4",
      "resolved": "https://registry.npmjs.org/@sozialhelden/ietf-language-tags/-/ietf-language-tags-3.2.4.tgz",
      "integrity": "sha512-HZ+vgFed3yAMfmuoTliPJjY3traDFkLrsgCW7RfjGP2t25fpjHGOqrlF+h5ealqnL4PR+RYXI9XXIFZW0DMKxA==",
      "requires": {
        "@types/lodash.difference": "^4.5.6",
        "@types/lodash.uniq": "^4.5.6",
        "lodash.compact": "^3.0.1",
        "lodash.difference": "^4.5.0",
        "lodash.uniq": "^4.5.0"
      }
    },
    "@types/lodash": {
      "version": "4.14.152",
      "resolved": "https://registry.npmjs.org/@types/lodash/-/lodash-4.14.152.tgz",
      "integrity": "sha512-Vwf9YF2x1GE3WNeUMjT5bTHa2DqgUo87ocdgTScupY2JclZ5Nn7W2RLM/N0+oreexUk8uaVugR81NnTY/jNNXg=="
    },
    "@types/lodash.difference": {
      "version": "4.5.6",
      "resolved": "https://registry.npmjs.org/@types/lodash.difference/-/lodash.difference-4.5.6.tgz",
      "integrity": "sha512-wXH53r+uoUCrKhmh7S5Gf6zo3vpsx/zH2R4pvkmDlmopmMTCROAUXDpPMXATGCWkCjE6ik3VZzZUxBgMjZho9Q==",
      "requires": {
        "@types/lodash": "*"
      }
    },
    "@types/lodash.uniq": {
      "version": "4.5.6",
      "resolved": "https://registry.npmjs.org/@types/lodash.uniq/-/lodash.uniq-4.5.6.tgz",
      "integrity": "sha512-XHNMXBtiwsWZstZMyxOYjr0e8YYWv0RgPlzIHblTuwBBiWo2MzWVaTBihtBpslb5BglgAWIeBv69qt1+RTRW1A==",
      "requires": {
        "@types/lodash": "*"
      }
    },
    "lodash.compact": {
      "version": "3.0.1",
      "resolved": "https://registry.npmjs.org/lodash.compact/-/lodash.compact-3.0.1.tgz",
      "integrity": "sha1-VAzjg3dFl1gHRx4WtKK6IeclbKU="
    },
    "lodash.difference": {
      "version": "4.5.0",
      "resolved": "https://registry.npmjs.org/lodash.difference/-/lodash.difference-4.5.0.tgz",
      "integrity": "sha1-nMtOUF1Ia5FlE0V3KIWi3yf9AXw="
    },
    "lodash.uniq": {
      "version": "4.5.0",
      "resolved": "https://registry.npmjs.org/lodash.uniq/-/lodash.uniq-4.5.0.tgz",
      "integrity": "sha1-0CJTc662Uq3BvILklFM5qEJ1R3M="
    }
  }
}
